
Microsoft Visual Studio Solution File, Format Version 12.00
# Visual Studio Version 17
VisualStudioVersion = 17.7.34031.279
MinimumVisualStudioVersion = 10.0.40219.1
Project("{2150E333-8FDC-42A3-9474-1A3956D46DE8}") = "Application", "Application", "{54FB8453-3CD3-4518-B723-6AA29BC82551}"
EndProject
Project("{FAE04EC0-301F-11D3-BF4B-00C04F79EFBC}") = "Fin.UI", "Application\Fin.UI\DoctorAppoinment\Fin.UI.csproj", "{81BEE340-37EE-425A-BAB2-D43129238515}"
EndProject
Project("{9A19103F-16F7-4668-BE54-9A1E7A4F7556}") = "Fin.BackEnd", "Application\Fin.BackEnd\Fin.BackEnd.csproj", "{8CC01E03-598E-497B-8A17-16E94831C2D5}"
EndProject
Project("{2150E333-8FDC-42A3-9474-1A3956D46DE8}") = "Business", "Business", "{1BA929DD-6CBF-45CC-8854-D72BF7A1F60B}"
EndProject
Project("{2150E333-8FDC-42A3-9474-1A3956D46DE8}") = "Domain", "Domain", "{7CAB9CCE-C04E-47D6-B58D-F5D8A2FDA1FD}"
EndProject
Project("{2150E333-8FDC-42A3-9474-1A3956D46DE8}") = "Infrustructure", "Infrustructure", "{6D284748-01B3-428D-96FA-682B0DA2EAA7}"
EndProject
Project("{9A19103F-16F7-4668-BE54-9A1E7A4F7556}") = "Fin.Model", "Business\Domain\Fin.Model\Fin.Model.csproj", "{1396B99F-3570-4DA3-8383-4618A5810B36}"
EndProject
Project("{9A19103F-16F7-4668-BE54-9A1E7A4F7556}") = "Fin.Repository", "Business\Domain\Fin.Repository\Fin.Repository.csproj", "{38298DD9-5AC5-4E5E-92D0-29A2A09FA0D7}"
EndProject
Project("{9A19103F-16F7-4668-BE54-9A1E7A4F7556}") = "Fin.Shared", "Business\Domain\Fin.Shared\Fin.Shared.csproj", "{2F615280-B892-4106-BB58-AC502EE0180F}"
EndProject
Project("{9A19103F-16F7-4668-BE54-9A1E7A4F7556}") = "Fin.Core", "Business\Infrustructure\Fin.Core\Fin.Core.csproj", "{F4699E02-D764-4515-8CEE-A45422DA2841}"
EndProject
Project("{9A19103F-16F7-4668-BE54-9A1E7A4F7556}") = "Fin.Infrustructure", "Business\Infrustructure\Fin.Infrustructure\Fin.Infrustructure.csproj", "{51B217FC-A213-405D-80B9-216EA7D7A13A}"
EndProject
Project("{9A19103F-16F7-4668-BE54-9A1E7A4F7556}") = "Fin.Configuration", "Business\Infrustructure\Fin.IoC.Configuration\Fin.Configuration.csproj", "{B12F232B-6E41-4DDE-B2B1-B4097B3414BA}"
EndProject
Project("{9A19103F-16F7-4668-BE54-9A1E7A4F7556}") = "Fin.Service.Model", "Business\Infrustructure\Fin.Service.Model\Fin.Service.Model.csproj", "{D6DC35A4-3A48-42A2-B2F6-F1E04EEBE8B8}"
EndProject
Global
	GlobalSection(SolutionConfigurationPlatforms) = preSolution
		Debug|Any CPU = Debug|Any CPU
		Release|Any CPU = Release|Any CPU
	EndGlobalSection
	GlobalSection(ProjectConfigurationPlatforms) = postSolution
		{81BEE340-37EE-425A-BAB2-D43129238515}.Debug|Any CPU.ActiveCfg = Debug|Any CPU
		{81BEE340-37EE-425A-BAB2-D43129238515}.Debug|Any CPU.Build.0 = Debug|Any CPU
		{81BEE340-37EE-425A-BAB2-D43129238515}.Release|Any CPU.ActiveCfg = Release|Any CPU
		{81BEE340-37EE-425A-BAB2-D43129238515}.Release|Any CPU.Build.0 = Release|Any CPU
		{8CC01E03-598E-497B-8A17-16E94831C2D5}.Debug|Any CPU.ActiveCfg = Debug|Any CPU
		{8CC01E03-598E-497B-8A17-16E94831C2D5}.Debug|Any CPU.Build.0 = Debug|Any CPU
		{8CC01E03-598E-497B-8A17-16E94831C2D5}.Release|Any CPU.ActiveCfg = Release|Any CPU
		{8CC01E03-598E-497B-8A17-16E94831C2D5}.Release|Any CPU.Build.0 = Release|Any CPU
		{1396B99F-3570-4DA3-8383-4618A5810B36}.Debug|Any CPU.ActiveCfg = Debug|Any CPU
		{1396B99F-3570-4DA3-8383-4618A5810B36}.Debug|Any CPU.Build.0 = Debug|Any CPU
		{1396B99F-3570-4DA3-8383-4618A5810B36}.Release|Any CPU.ActiveCfg = Release|Any CPU
		{1396B99F-3570-4DA3-8383-4618A5810B36}.Release|Any CPU.Build.0 = Release|Any CPU
		{38298DD9-5AC5-4E5E-92D0-29A2A09FA0D7}.Debug|Any CPU.ActiveCfg = Debug|Any CPU
		{38298DD9-5AC5-4E5E-92D0-29A2A09FA0D7}.Debug|Any CPU.Build.0 = Debug|Any CPU
		{38298DD9-5AC5-4E5E-92D0-29A2A09FA0D7}.Release|Any CPU.ActiveCfg = Release|Any CPU
		{38298DD9-5AC5-4E5E-92D0-29A2A09FA0D7}.Release|Any CPU.Build.0 = Release|Any CPU
		{2F615280-B892-4106-BB58-AC502EE0180F}.Debug|Any CPU.ActiveCfg = Debug|Any CPU
		{2F615280-B892-4106-BB58-AC502EE0180F}.Debug|Any CPU.Build.0 = Debug|Any CPU
		{2F615280-B892-4106-BB58-AC502EE0180F}.Release|Any CPU.ActiveCfg = Release|Any CPU
		{2F615280-B892-4106-BB58-AC502EE0180F}.Release|Any CPU.Build.0 = Release|Any CPU
		{F4699E02-D764-4515-8CEE-A45422DA2841}.Debug|Any CPU.ActiveCfg = Debug|Any CPU
		{F4699E02-D764-4515-8CEE-A45422DA2841}.Debug|Any CPU.Build.0 = Debug|Any CPU
		{F4699E02-D764-4515-8CEE-A45422DA2841}.Release|Any CPU.ActiveCfg = Release|Any CPU
		{F4699E02-D764-4515-8CEE-A45422DA2841}.Release|Any CPU.Build.0 = Release|Any CPU
		{51B217FC-A213-405D-80B9-216EA7D7A13A}.Debug|Any CPU.ActiveCfg = Debug|Any CPU
		{51B217FC-A213-405D-80B9-216EA7D7A13A}.Debug|Any CPU.Build.0 = Debug|Any CPU
		{51B217FC-A213-405D-80B9-216EA7D7A13A}.Release|Any CPU.ActiveCfg = Release|Any CPU
		{51B217FC-A213-405D-80B9-216EA7D7A13A}.Release|Any CPU.Build.0 = Release|Any CPU
		{B12F232B-6E41-4DDE-B2B1-B4097B3414BA}.Debug|Any CPU.ActiveCfg = Debug|Any CPU
		{B12F232B-6E41-4DDE-B2B1-B4097B3414BA}.Debug|Any CPU.Build.0 = Debug|Any CPU
		{B12F232B-6E41-4DDE-B2B1-B4097B3414BA}.Release|Any CPU.ActiveCfg = Release|Any CPU
		{B12F232B-6E41-4DDE-B2B1-B4097B3414BA}.Release|Any CPU.Build.0 = Release|Any CPU
		{D6DC35A4-3A48-42A2-B2F6-F1E04EEBE8B8}.Debug|Any CPU.ActiveCfg = Debug|Any CPU
		{D6DC35A4-3A48-42A2-B2F6-F1E04EEBE8B8}.Debug|Any CPU.Build.0 = Debug|Any CPU
		{D6DC35A4-3A48-42A2-B2F6-F1E04EEBE8B8}.Release|Any CPU.ActiveCfg = Release|Any CPU
		{D6DC35A4-3A48-42A2-B2F6-F1E04EEBE8B8}.Release|Any CPU.Build.0 = Release|Any CPU
	EndGlobalSection
	GlobalSection(SolutionProperties) = preSolution
		HideSolutionNode = FALSE
	EndGlobalSection
	GlobalSection(NestedProjects) = preSolution
		{81BEE340-37EE-425A-BAB2-D43129238515} = {54FB8453-3CD3-4518-B723-6AA29BC82551}
		{8CC01E03-598E-497B-8A17-16E94831C2D5} = {54FB8453-3CD3-4518-B723-6AA29BC82551}
		{7CAB9CCE-C04E-47D6-B58D-F5D8A2FDA1FD} = {1BA929DD-6CBF-45CC-8854-D72BF7A1F60B}
		{6D284748-01B3-428D-96FA-682B0DA2EAA7} = {1BA929DD-6CBF-45CC-8854-D72BF7A1F60B}
		{1396B99F-3570-4DA3-8383-4618A5810B36} = {7CAB9CCE-C04E-47D6-B58D-F5D8A2FDA1FD}
		{38298DD9-5AC5-4E5E-92D0-29A2A09FA0D7} = {7CAB9CCE-C04E-47D6-B58D-F5D8A2FDA1FD}
		{2F615280-B892-4106-BB58-AC502EE0180F} = {7CAB9CCE-C04E-47D6-B58D-F5D8A2FDA1FD}
		{F4699E02-D764-4515-8CEE-A45422DA2841} = {6D284748-01B3-428D-96FA-682B0DA2EAA7}
		{51B217FC-A213-405D-80B9-216EA7D7A13A} = {6D284748-01B3-428D-96FA-682B0DA2EAA7}
		{B12F232B-6E41-4DDE-B2B1-B4097B3414BA} = {6D284748-01B3-428D-96FA-682B0DA2EAA7}
		{D6DC35A4-3A48-42A2-B2F6-F1E04EEBE8B8} = {6D284748-01B3-428D-96FA-682B0DA2EAA7}
	EndGlobalSection
	GlobalSection(ExtensibilityGlobals) = postSolution
		SolutionGuid = {0F0A773C-1DA0-40D9-9074-CE339C151E4A}
	EndGlobalSection
EndGlobal
